{
  "object": {
    "pins": [
      {
        "package": "Resolver",
        "repositoryURL": "https://github.com/hmlongco/Resolver",
        "state": {
          "branch": "master",
          "revision": "bd565aae33a08dd4e10747bfb98e2bf8a63bfa28",
          "version": null
        }
      },
      {
        "package": "iOSDevPackage",
        "repositoryURL": "https://github.com/ISSArt-LLC/SwiftDeveloperPackage",
        "state": {
          "branch": "add-select-image-view",
          "revision": "f71df709701b5685effdfbcf196347b55e6f2b59",
          "version": null
        }
      }
    ]
  },
  "version": 1
}
